// !$*UTF8*$!
{
	archiveVersion = 1;
	classes = {
	};
	objectVersion = 50;
	objects = {

/* Begin PBXBuildFile section */
		839EB680233112DA00485C66 /* LESLIE.TTF in Resources */ = {isa = PBXBuildFile; fileRef = 839EB67F233112DA00485C66 /* LESLIE.TTF */; };
		839EB6822331158700485C66 /* Second.swift in Sources */ = {isa = PBXBuildFile; fileRef = 839EB6812331158700485C66 /* Second.swift */; };
		83B688A82335C5AA00172A91 /* Ring.swift in Sources */ = {isa = PBXBuildFile; fileRef = 83B688A72335C5AA00172A91 /* Ring.swift */; };
		83B688AA2335E9CD00172A91 /* BellCard.swift in Sources */ = {isa = PBXBuildFile; fileRef = 83B688A92335E9CD00172A91 /* BellCard.swift */; };
		83B688AE2336296E00172A91 /* UserSetting.swift in Sources */ = {isa = PBXBuildFile; fileRef = 83B688AD2336296E00172A91 /* UserSetting.swift */; };
		83BA2B79232E714D008C64EB /* AppDelegate.swift in Sources */ = {isa = PBXBuildFile; fileRef = 83BA2B78232E714D008C64EB /* AppDelegate.swift */; };
		83BA2B7B232E714D008C64EB /* SceneDelegate.swift in Sources */ = {isa = PBXBuildFile; fileRef = 83BA2B7A232E714D008C64EB /* SceneDelegate.swift */; };
		83BA2B7D232E714D008C64EB /* Home.swift in Sources */ = {isa = PBXBuildFile; fileRef = 83BA2B7C232E714D008C64EB /* Home.swift */; };
		83BA2B7F232E714F008C64EB /* Assets.xcassets in Resources */ = {isa = PBXBuildFile; fileRef = 83BA2B7E232E714F008C64EB /* Assets.xcassets */; };
		83BA2B82232E714F008C64EB /* Preview Assets.xcassets in Resources */ = {isa = PBXBuildFile; fileRef = 83BA2B81232E714F008C64EB /* Preview Assets.xcassets */; };
		83BA2B85232E714F008C64EB /* LaunchScreen.storyboard in Resources */ = {isa = PBXBuildFile; fileRef = 83BA2B83232E714F008C64EB /* LaunchScreen.storyboard */; };
		83BA2B8E232E88A7008C64EB /* Card.swift in Sources */ = {isa = PBXBuildFile; fileRef = 83BA2B8D232E88A7008C64EB /* Card.swift */; };
		83FC9359233263C20041AA9E /* Bell.swift in Sources */ = {isa = PBXBuildFile; fileRef = 83FC9358233263C20041AA9E /* Bell.swift */; };
		83FC935B233267E60041AA9E /* Setting.swift in Sources */ = {isa = PBXBuildFile; fileRef = 83FC935A233267E60041AA9E /* Setting.swift */; };
/* End PBXBuildFile section */

/* Begin PBXFileReference section */
		839EB67F233112DA00485C66 /* LESLIE.TTF */ = {isa = PBXFileReference; lastKnownFileType = file; path = LESLIE.TTF; sourceTree = "<group>"; };
		839EB6812331158700485C66 /* Second.swift */ = {isa = PBXFileReference; lastKnownFileType = sourcecode.swift; path = Second.swift; sourceTree = "<group>"; };
		83B688A72335C5AA00172A91 /* Ring.swift */ = {isa = PBXFileReference; lastKnownFileType = sourcecode.swift; path = Ring.swift; sourceTree = "<group>"; };
		83B688A92335E9CD00172A91 /* BellCard.swift */ = {isa = PBXFileReference; lastKnownFileType = sourcecode.swift; path = BellCard.swift; sourceTree = "<group>"; };
		83B688AD2336296E00172A91 /* UserSetting.swift */ = {isa = PBXFileReference; lastKnownFileType = sourcecode.swift; path = UserSetting.swift; sourceTree = "<group>"; };
		83BA2B75232E714D008C64EB /* 复古时钟.app */ = {isa = PBXFileReference; explicitFileType = wrapper.application; includeInIndex = 0; path = "复古时钟.app"; sourceTree = BUILT_PRODUCTS_DIR; };
		83BA2B78232E714D008C64EB /* AppDelegate.swift */ = {isa = PBXFileReference; lastKnownFileType = sourcecode.swift; path = AppDelegate.swift; sourceTree = "<group>"; };
		83BA2B7A232E714D008C64EB /* SceneDelegate.swift */ = {isa = PBXFileReference; lastKnownFileType = sourcecode.swift; path = SceneDelegate.swift; sourceTree = "<group>"; };
		83BA2B7C232E714D008C64EB /* Home.swift */ = {isa = PBXFileReference; lastKnownFileType = sourcecode.swift; path = Home.swift; sourceTree = "<group>"; };
		83BA2B7E232E714F008C64EB /* Assets.xcassets */ = {isa = PBXFileReference; lastKnownFileType = folder.assetcatalog; path = Assets.xcassets; sourceTree = "<group>"; };
		83BA2B81232E714F008C64EB /* Preview Assets.xcassets */ = {isa = PBXFileReference; lastKnownFileType = folder.assetcatalog; path = "Preview Assets.xcassets"; sourceTree = "<group>"; };
		83BA2B84232E714F008C64EB /* Base */ = {isa = PBXFileReference; lastKnownFileType = file.storyboard; name = Base; path = Base.lproj/LaunchScreen.storyboard; sourceTree = "<group>"; };
		83BA2B86232E714F008C64EB /* Info.plist */ = {isa = PBXFileReference; lastKnownFileType = text.plist.xml; path = Info.plist; sourceTree = "<group>"; };
		83BA2B8C232E802F008C64EB /* Flip Clock.entitlements */ = {isa = PBXFileReference; lastKnownFileType = text.plist.entitlements; path = "Flip Clock.entitlements"; sourceTree = "<group>"; };
		83BA2B8D232E88A7008C64EB /* Card.swift */ = {isa = PBXFileReference; lastKnownFileType = sourcecode.swift; path = Card.swift; sourceTree = "<group>"; };
		83FC9358233263C20041AA9E /* Bell.swift */ = {isa = PBXFileReference; lastKnownFileType = sourcecode.swift; path = Bell.swift; sourceTree = "<group>"; };
		83FC935A233267E60041AA9E /* Setting.swift */ = {isa = PBXFileReference; lastKnownFileType = sourcecode.swift; path = Setting.swift; sourceTree = "<group>"; };
/* End PBXFileReference section */

/* Begin PBXFrameworksBuildPhase section */
		83BA2B72232E714D008C64EB /* Frameworks */ = {
			isa = PBXFrameworksBuildPhase;
			buildActionMask = 2147483647;
			files = (
			);
			runOnlyForDeploymentPostprocessing = 0;
		};
/* End PBXFrameworksBuildPhase section */

/* Begin PBXGroup section */
		83BA2B6C232E714D008C64EB = {
			isa = PBXGroup;
			children = (
				83BA2B77232E714D008C64EB /* Flip Clock */,
				83BA2B76232E714D008C64EB /* Products */,
			);
			sourceTree = "<group>";
		};
		83BA2B76232E714D008C64EB /* Products */ = {
			isa = PBXGroup;
			children = (
				83BA2B75232E714D008C64EB /* 复古时钟.app */,
			);
			name = Products;
			sourceTree = "<group>";
		};
		83BA2B77232E714D008C64EB /* Flip Clock */ = {
			isa = PBXGroup;
			children = (
				83BA2B8C232E802F008C64EB /* Flip Clock.entitlements */,
				83BA2B78232E714D008C64EB /* AppDelegate.swift */,
				83BA2B7A232E714D008C64EB /* SceneDelegate.swift */,
				83BA2B7C232E714D008C64EB /* Home.swift */,
				83FC935A233267E60041AA9E /* Setting.swift */,
				83B688A72335C5AA00172A91 /* Ring.swift */,
				83FC9358233263C20041AA9E /* Bell.swift */,
				83BA2B8D232E88A7008C64EB /* Card.swift */,
				83B688AD2336296E00172A91 /* UserSetting.swift */,
				839EB6812331158700485C66 /* Second.swift */,
				83B688A92335E9CD00172A91 /* BellCard.swift */,
				83BA2B7E232E714F008C64EB /* Assets.xcassets */,
				83BA2B83232E714F008C64EB /* LaunchScreen.storyboard */,
				83BA2B86232E714F008C64EB /* Info.plist */,
				839EB67F233112DA00485C66 /* LESLIE.TTF */,
				83BA2B80232E714F008C64EB /* Preview Content */,
			);
			path = "Flip Clock";
			sourceTree = "<group>";
		};
		83BA2B80232E714F008C64EB /* Preview Content */ = {
			isa = PBXGroup;
			children = (
				83BA2B81232E714F008C64EB /* Preview Assets.xcassets */,
			);
			path = "Preview Content";
			sourceTree = "<group>";
		};
/* End PBXGroup section */

/* Begin PBXNativeTarget section */
		83BA2B74232E714D008C64EB /* Flip Clock */ = {
			isa = PBXNativeTarget;
			buildConfigurationList = 83BA2B89232E714F008C64EB /* Build configuration list for PBXNativeTarget "Flip Clock" */;
			buildPhases = (
				83BA2B71232E714D008C64EB /* Sources */,
				83BA2B72232E714D008C64EB /* Frameworks */,
				83BA2B73232E714D008C64EB /* Resources */,
			);
			buildRules = (
			);
			dependencies = (
			);
			name = "Flip Clock";
			productName = "Flip Clock";
			productReference = 83BA2B75232E714D008C64EB /* 复古时钟.app */;
			productType = "com.apple.product-type.application";
		};
/* End PBXNativeTarget section */

/* Begin PBXProject section */
		83BA2B6D232E714D008C64EB /* Project object */ = {
			isa = PBXProject;
			attributes = {
				LastSwiftUpdateCheck = 1100;
				LastUpgradeCheck = 1100;
				ORGANIZATIONNAME = "王亮";
				TargetAttributes = {
					83BA2B74232E714D008C64EB = {
						CreatedOnToolsVersion = 11.0;
					};
				};
			};
			buildConfigurationList = 83BA2B70232E714D008C64EB /* Build configuration list for PBXProject "Flip Clock" */;
			compatibilityVersion = "Xcode 9.3";
			developmentRegion = en;
			hasScannedForEncodings = 0;
			knownRegions = (
				en,
				Base,
			);
			mainGroup = 83BA2B6C232E714D008C64EB;
			productRefGroup = 83BA2B76232E714D008C64EB /* Products */;
			projectDirPath = "";
			projectRoot = "";
			targets = (
				83BA2B74232E714D008C64EB /* Flip Clock */,
			);
		};
/* End PBXProject section */

/* Begin PBXResourcesBuildPhase section */
		83BA2B73232E714D008C64EB /* Resources */ = {
			isa = PBXResourcesBuildPhase;
			buildActionMask = 2147483647;
			files = (
				839EB680233112DA00485C66 /* LESLIE.TTF in Resources */,
				83BA2B85232E714F008C64EB /* LaunchScreen.storyboard in Resources */,
				83BA2B82232E714F008C64EB /* Preview Assets.xcassets in Resources */,
				83BA2B7F232E714F008C64EB /* Assets.xcassets in Resources */,
			);
			runOnlyForDeploymentPostprocessing = 0;
		};
/* End PBXResourcesBuildPhase section */

/* Begin PBXSourcesBuildPhase section */
		83BA2B71232E714D008C64EB /* Sources */ = {
			isa = PBXSourcesBuildPhase;
			buildActionMask = 2147483647;
			files = (
				83B688AA2335E9CD00172A91 /* BellCard.swift in Sources */,
				83BA2B79232E714D008C64EB /* AppDelegate.swift in Sources */,
				83BA2B7B232E714D008C64EB /* SceneDelegate.swift in Sources */,
				83B688AE2336296E00172A91 /* UserSetting.swift in Sources */,
				83BA2B7D232E714D008C64EB /* Home.swift in Sources */,
				83BA2B8E232E88A7008C64EB /* Card.swift in Sources */,
				83FC935B233267E60041AA9E /* Setting.swift in Sources */,
				83B688A82335C5AA00172A91 /* Ring.swift in Sources */,
				83FC9359233263C20041AA9E /* Bell.swift in Sources */,
				839EB6822331158700485C66 /* Second.swift in Sources */,
			);
			runOnlyForDeploymentPostprocessing = 0;
		};
/* End PBXSourcesBuildPhase section */

/* Begin PBXVariantGroup section */
		83BA2B83232E714F008C64EB /* LaunchScreen.storyboard */ = {
			isa = PBXVariantGroup;
			children = (
				83BA2B84232E714F008C64EB /* Base */,
			);
			name = LaunchScreen.storyboard;
			sourceTree = "<group>";
		};
/* End PBXVariantGroup section */

/* Begin XCBuildConfiguration section */
		83BA2B87232E714F008C64EB /* Debug */ = {
			isa = XCBuildConfiguration;
			buildSettings = {
				ALWAYS_SEARCH_USER_PATHS = NO;
				CLANG_ANALYZER_NONNULL = YES;
				CLANG_ANALYZER_NUMBER_OBJECT_CONVERSION = YES_AGGRESSIVE;
				CLANG_CXX_LANGUAGE_STANDARD = "gnu++14";
				CLANG_CXX_LIBRARY = "libc++";
				CLANG_ENABLE_MODULES = YES;
				CLANG_ENABLE_OBJC_ARC = YES;
				CLANG_ENABLE_OBJC_WEAK = YES;
				CLANG_WARN_BLOCK_CAPTURE_AUTORELEASING = YES;
				CLANG_WARN_BOOL_CONVERSION = YES;
				CLANG_WARN_COMMA = YES;
				CLANG_WARN_CONSTANT_CONVERSION = YES;
				CLANG_WARN_DEPRECATED_OBJC_IMPLEMENTATIONS = YES;
				CLANG_WARN_DIRECT_OBJC_ISA_USAGE = YES_ERROR;
				CLANG_WARN_DOCUMENTATION_COMMENTS = YES;
				CLANG_WARN_EMPTY_BODY = YES;
				CLANG_WARN_ENUM_CONVERSION = YES;
				CLANG_WARN_INFINITE_RECURSION = YES;
				CLANG_WARN_INT_CONVERSION = YES;
				CLANG_WARN_NON_LITERAL_NULL_CONVERSION = YES;
				CLANG_WARN_OBJC_IMPLICIT_RETAIN_SELF = YES;
				CLANG_WARN_OBJC_LITERAL_CONVERSION = YES;
				CLANG_WARN_OBJC_ROOT_CLASS = YES_ERROR;
				CLANG_WARN_RANGE_LOOP_ANALYSIS = YES;
				CLANG_WARN_STRICT_PROTOTYPES = YES;
				CLANG_WARN_SUSPICIOUS_MOVE = YES;
				CLANG_WARN_UNGUARDED_AVAILABILITY = YES_AGGRESSIVE;
				CLANG_WARN_UNREACHABLE_CODE = YES;
				CLANG_WARN__DUPLICATE_METHOD_MATCH = YES;
				COPY_PHASE_STRIP = NO;
				DEBUG_INFORMATION_FORMAT = dwarf;
				ENABLE_STRICT_OBJC_MSGSEND = YES;
				ENABLE_TESTABILITY = YES;
				GCC_C_LANGUAGE_STANDARD = gnu11;
				GCC_DYNAMIC_NO_PIC = NO;
				GCC_NO_COMMON_BLOCKS = YES;
				GCC_OPTIMIZATION_LEVEL = 0;
				GCC_PREPROCESSOR_DEFINITIONS = (
					"DEBUG=1",
					"$(inherited)",
				);
				GCC_WARN_64_TO_32_BIT_CONVERSION = YES;
				GCC_WARN_ABOUT_RETURN_TYPE = YES_ERROR;
				GCC_WARN_UNDECLARED_SELECTOR = YES;
				GCC_WARN_UNINITIALIZED_AUTOS = YES_AGGRESSIVE;
				GCC_WARN_UNUSED_FUNCTION = YES;
				GCC_WARN_UNUSED_VARIABLE = YES;
				IPHONEOS_DEPLOYMENT_TARGET = 13.0;
				MTL_ENABLE_DEBUG_INFO = INCLUDE_SOURCE;
				MTL_FAST_MATH = YES;
				ONLY_ACTIVE_ARCH = YES;
				SDKROOT = iphoneos;
				SWIFT_ACTIVE_COMPILATION_CONDITIONS = DEBUG;
				SWIFT_OPTIMIZATION_LEVEL = "-Onone";
			};
			name = Debug;
		};
		83BA2B88232E714F008C64EB /* Release */ = {
			isa = XCBuildConfiguration;
			buildSettings = {
				ALWAYS_SEARCH_USER_PATHS = NO;
				CLANG_ANALYZER_NONNULL = YES;
				CLANG_ANALYZER_NUMBER_OBJECT_CONVERSION = YES_AGGRESSIVE;
				CLANG_CXX_LANGUAGE_STANDARD = "gnu++14";
				CLANG_CXX_LIBRARY = "libc++";
				CLANG_ENABLE_MODULES = YES;
				CLANG_ENABLE_OBJC_ARC = YES;
				CLANG_ENABLE_OBJC_WEAK = YES;
				CLANG_WARN_BLOCK_CAPTURE_AUTORELEASING = YES;
				CLANG_WARN_BOOL_CONVERSION = YES;
				CLANG_WARN_COMMA = YES;
				CLANG_WARN_CONSTANT_CONVERSION = YES;
				CLANG_WARN_DEPRECATED_OBJC_IMPLEMENTATIONS = YES;
				CLANG_WARN_DIRECT_OBJC_ISA_USAGE = YES_ERROR;
				CLANG_WARN_DOCUMENTATION_COMMENTS = YES;
				CLANG_WARN_EMPTY_BODY = YES;
				CLANG_WARN_ENUM_CONVERSION = YES;
				CLANG_WARN_INFINITE_RECURSION = YES;
				CLANG_WARN_INT_CONVERSION = YES;
				CLANG_WARN_NON_LITERAL_NULL_CONVERSION = YES;
				CLANG_WARN_OBJC_IMPLICIT_RETAIN_SELF = YES;
				CLANG_WARN_OBJC_LITERAL_CONVERSION = YES;
				CLANG_WARN_OBJC_ROOT_CLASS = YES_ERROR;
				CLANG_WARN_RANGE_LOOP_ANALYSIS = YES;
				CLANG_WARN_STRICT_PROTOTYPES = YES;
				CLANG_WARN_SUSPICIOUS_MOVE = YES;
				CLANG_WARN_UNGUARDED_AVAILABILITY = YES_AGGRESSIVE;
				CLANG_WARN_UNREACHABLE_CODE = YES;
				CLANG_WARN__DUPLICATE_METHOD_MATCH = YES;
				COPY_PHASE_STRIP = NO;
				DEBUG_INFORMATION_FORMAT = "dwarf-with-dsym";
				ENABLE_NS_ASSERTIONS = NO;
				ENABLE_STRICT_OBJC_MSGSEND = YES;
				GCC_C_LANGUAGE_STANDARD = gnu11;
				GCC_NO_COMMON_BLOCKS = YES;
				GCC_WARN_64_TO_32_BIT_CONVERSION = YES;
				GCC_WARN_ABOUT_RETURN_TYPE = YES_ERROR;
				GCC_WARN_UNDECLARED_SELECTOR = YES;
				GCC_WARN_UNINITIALIZED_AUTOS = YES_AGGRESSIVE;
				GCC_WARN_UNUSED_FUNCTION = YES;
				GCC_WARN_UNUSED_VARIABLE = YES;
				IPHONEOS_DEPLOYMENT_TARGET = 13.0;
				MTL_ENABLE_DEBUG_INFO = NO;
				MTL_FAST_MATH = YES;
				SDKROOT = iphoneos;
				SWIFT_COMPILATION_MODE = wholemodule;
				SWIFT_OPTIMIZATION_LEVEL = "-O";
				VALIDATE_PRODUCT = YES;
			};
			name = Release;
		};
		83BA2B8A232E714F008C64EB /* Debug */ = {
			isa = XCBuildConfiguration;
			buildSettings = {
				ASSETCATALOG_COMPILER_APPICON_NAME = AppIcon;
				CODE_SIGN_ENTITLEMENTS = "Flip Clock/Flip Clock.entitlements";
				"CODE_SIGN_IDENTITY[sdk=macosx*]" = "Apple Development";
				CODE_SIGN_STYLE = Automatic;
				DERIVE_MACCATALYST_PRODUCT_BUNDLE_IDENTIFIER = YES;
				DEVELOPMENT_ASSET_PATHS = "\"Flip Clock/Preview Content\"";
				DEVELOPMENT_TEAM = UJY4NHS9W7;
				ENABLE_PREVIEWS = YES;
				INFOPLIST_FILE = "Flip Clock/Info.plist";
				LD_RUNPATH_SEARCH_PATHS = (
					"$(inherited)",
					"@executable_path/Frameworks",
				);
				PRODUCT_BUNDLE_IDENTIFIER = com.loaf.vidis;
				PRODUCT_NAME = "复古时钟";
				SUPPORTS_MACCATALYST = YES;
				SWIFT_VERSION = 5.0;
				TARGETED_DEVICE_FAMILY = "1,2";
			};
			name = Debug;
		};
		83BA2B8B232E714F008C64EB /* Release */ = {
			isa = XCBuildConfiguration;
			buildSettings = {
				ASSETCATALOG_COMPILER_APPICON_NAME = AppIcon;
				CODE_SIGN_ENTITLEMENTS = "Flip Clock/Flip Clock.entitlements";
				"CODE_SIGN_IDENTITY[sdk=macosx*]" = "Apple Development";
				CODE_SIGN_STYLE = Automatic;
				DERIVE_MACCATALYST_PRODUCT_BUNDLE_IDENTIFIER = YES;
				DEVELOPMENT_ASSET_PATHS = "\"Flip Clock/Preview Content\"";
				DEVELOPMENT_TEAM = UJY4NHS9W7;
				ENABLE_PREVIEWS = YES;
				INFOPLIST_FILE = "Flip Clock/Info.plist";
				LD_RUNPATH_SEARCH_PATHS = (
					"$(inherited)",
					"@executable_path/Frameworks",
				);
				PRODUCT_BUNDLE_IDENTIFIER = com.loaf.vidis;
				PRODUCT_NAME = "复古时钟";
				SUPPORTS_MACCATALYST = YES;
				SWIFT_VERSION = 5.0;
				TARGETED_DEVICE_FAMILY = "1,2";
			};
			name = Release;
		};
/* End XCBuildConfiguration section */

/* Begin XCConfigurationList section */
		83BA2B70232E714D008C64EB /* Build configuration list for PBXProject "Flip Clock" */ = {
			isa = XCConfigurationList;
			buildConfigurations = (
				83BA2B87232E714F008C64EB /* Debug */,
				83BA2B88232E714F008C64EB /* Release */,
			);
			defaultConfigurationIsVisible = 0;
			defaultConfigurationName = Release;
		};
		83BA2B89232E714F008C64EB /* Build configuration list for PBXNativeTarget "Flip Clock" */ = {
			isa = XCConfigurationList;
			buildConfigurations = (
				83BA2B8A232E714F008C64EB /* Debug */,
				83BA2B8B232E714F008C64EB /* Release */,
			);
			defaultConfigurationIsVisible = 0;
			defaultConfigurationName = Release;
		};
/* End XCConfigurationList section */
	};
	rootObject = 83BA2B6D232E714D008C64EB /* Project object */;
}
